// !$*UTF8*$!
{
	archiveVersion = 1;
	classes = {
	};
	objectVersion = 46;
	objects = {

/* Begin PBXBuildFile section */
		167A902A23FF95F55EE49181 /* libPods-WeexGcanvas.a in Frameworks */ = {isa = PBXBuildFile; fileRef = 8AA79D7936ED98F635C0AE12 /* libPods-WeexGcanvas.a */; };
		C431395D1E954ACB008B80D0 /* WXGCanvasComponent.h in Headers */ = {isa = PBXBuildFile; fileRef = C43139581E954ACB008B80D0 /* WXGCanvasComponent.h */; };
		C431395E1E954ACB008B80D0 /* WXGCanvasComponent.mm in Sources */ = {isa = PBXBuildFile; fileRef = C43139591E954ACB008B80D0 /* WXGCanvasComponent.mm */; };
		C431395F1E954ACB008B80D0 /* WXGCanvasModule.h in Headers */ = {isa = PBXBuildFile; fileRef = C431395A1E954ACB008B80D0 /* WXGCanvasModule.h */; };
		C43139601E954ACB008B80D0 /* WXGCanvasModule.m in Sources */ = {isa = PBXBuildFile; fileRef = C431395B1E954ACB008B80D0 /* WXGCanvasModule.m */; };
/* End PBXBuildFile section */

/* Begin PBXFileReference section */
		7222E97A9E0BDD5D4BA6A21E /* Pods-WeexGcanvas.debug.xcconfig */ = {isa = PBXFileReference; includeInIndex = 1; lastKnownFileType = text.xcconfig; name = "Pods-WeexGcanvas.debug.xcconfig"; path = "Pods/Target Support Files/Pods-WeexGcanvas/Pods-WeexGcanvas.debug.xcconfig"; sourceTree = "<group>"; };
		8AA79D7936ED98F635C0AE12 /* libPods-WeexGcanvas.a */ = {isa = PBXFileReference; explicitFileType = archive.ar; includeInIndex = 0; path = "libPods-WeexGcanvas.a"; sourceTree = BUILT_PRODUCTS_DIR; };
		912A6A653FE8C3267A392A2F /* Pods-WeexGcanvas.release.xcconfig */ = {isa = PBXFileReference; includeInIndex = 1; lastKnownFileType = text.xcconfig; name = "Pods-WeexGcanvas.release.xcconfig"; path = "Pods/Target Support Files/Pods-WeexGcanvas/Pods-WeexGcanvas.release.xcconfig"; sourceTree = "<group>"; };
		C431394B1E954AA8008B80D0 /* WeexGcanvas.framework */ = {isa = PBXFileReference; explicitFileType = wrapper.framework; includeInIndex = 0; path = WeexGcanvas.framework; sourceTree = BUILT_PRODUCTS_DIR; };
		C43139561E954ACB008B80D0 /* Info.plist */ = {isa = PBXFileReference; fileEncoding = 4; lastKnownFileType = text.plist.xml; path = Info.plist; sourceTree = "<group>"; };
		C43139581E954ACB008B80D0 /* WXGCanvasComponent.h */ = {isa = PBXFileReference; fileEncoding = 4; lastKnownFileType = sourcecode.c.h; path = WXGCanvasComponent.h; sourceTree = "<group>"; };
		C43139591E954ACB008B80D0 /* WXGCanvasComponent.mm */ = {isa = PBXFileReference; fileEncoding = 4; lastKnownFileType = sourcecode.cpp.objcpp; path = WXGCanvasComponent.mm; sourceTree = "<group>"; };
		C431395A1E954ACB008B80D0 /* WXGCanvasModule.h */ = {isa = PBXFileReference; fileEncoding = 4; lastKnownFileType = sourcecode.c.h; path = WXGCanvasModule.h; sourceTree = "<group>"; };
		C431395B1E954ACB008B80D0 /* WXGCanvasModule.m */ = {isa = PBXFileReference; fileEncoding = 4; lastKnownFileType = sourcecode.c.objc; path = WXGCanvasModule.m; sourceTree = "<group>"; };
/* End PBXFileReference section */

/* Begin PBXFrameworksBuildPhase section */
		C43139471E954AA8008B80D0 /* Frameworks */ = {
			isa = PBXFrameworksBuildPhase;
			buildActionMask = 2147483647;
			files = (
				167A902A23FF95F55EE49181 /* libPods-WeexGcanvas.a in Frameworks */,
			);
			runOnlyForDeploymentPostprocessing = 0;
		};
/* End PBXFrameworksBuildPhase section */

/* Begin PBXGroup section */
		9CCEC35719F2C76245E693D5 /* Pods */ = {
			isa = PBXGroup;
			children = (
				7222E97A9E0BDD5D4BA6A21E /* Pods-WeexGcanvas.debug.xcconfig */,
				912A6A653FE8C3267A392A2F /* Pods-WeexGcanvas.release.xcconfig */,
			);
			name = Pods;
			sourceTree = "<group>";
		};
		C43139411E954AA8008B80D0 = {
			isa = PBXGroup;
			children = (
				C43139561E954ACB008B80D0 /* Info.plist */,
				C43139571E954ACB008B80D0 /* Sources */,
				C431394C1E954AA8008B80D0 /* Products */,
				9CCEC35719F2C76245E693D5 /* Pods */,
				EC99DF3D825954C35FF1B28F /* Frameworks */,
			);
			sourceTree = "<group>";
		};
		C431394C1E954AA8008B80D0 /* Products */ = {
			isa = PBXGroup;
			children = (
				C431394B1E954AA8008B80D0 /* WeexGcanvas.framework */,
			);
			name = Products;
			sourceTree = "<group>";
		};
		C43139571E954ACB008B80D0 /* Sources */ = {
			isa = PBXGroup;
			children = (
				C43139581E954ACB008B80D0 /* WXGCanvasComponent.h */,
				C43139591E954ACB008B80D0 /* WXGCanvasComponent.mm */,
				C431395A1E954ACB008B80D0 /* WXGCanvasModule.h */,
				C431395B1E954ACB008B80D0 /* WXGCanvasModule.m */,
			);
			path = Sources;
			sourceTree = "<group>";
		};
		EC99DF3D825954C35FF1B28F /* Frameworks */ = {
			isa = PBXGroup;
			children = (
				8AA79D7936ED98F635C0AE12 /* libPods-WeexGcanvas.a */,
			);
			name = Frameworks;
			sourceTree = "<group>";
		};
/* End PBXGroup section */

/* Begin PBXHeadersBuildPhase section */
		C43139481E954AA8008B80D0 /* Headers */ = {
			isa = PBXHeadersBuildPhase;
			buildActionMask = 2147483647;
			files = (
				C431395D1E954ACB008B80D0 /* WXGCanvasComponent.h in Headers */,
				C431395F1E954ACB008B80D0 /* WXGCanvasModule.h in Headers */,
			);
			runOnlyForDeploymentPostprocessing = 0;
		};
/* End PBXHeadersBuildPhase section */

/* Begin PBXNativeTarget section */
		C431394A1E954AA8008B80D0 /* WeexGcanvas */ = {
			isa = PBXNativeTarget;
			buildConfigurationList = C43139531E954AA8008B80D0 /* Build configuration list for PBXNativeTarget "WeexGcanvas" */;
			buildPhases = (
				FC9116878B00DA9884F74AC5 /* [CP] Check Pods Manifest.lock */,
				C43139461E954AA8008B80D0 /* Sources */,
				C43139471E954AA8008B80D0 /* Frameworks */,
				C43139481E954AA8008B80D0 /* Headers */,
				C43139491E954AA8008B80D0 /* Resources */,
				49DD026700C539FA75F5A07F /* [CP] Copy Pods Resources */,
			);
			buildRules = (
			);
			dependencies = (
			);
			name = WeexGcanvas;
			productName = WeexGcanvas;
			productReference = C431394B1E954AA8008B80D0 /* WeexGcanvas.framework */;
			productType = "com.apple.product-type.framework";
		};
/* End PBXNativeTarget section */

/* Begin PBXProject section */
		C43139421E954AA8008B80D0 /* Project object */ = {
			isa = PBXProject;
			attributes = {
				LastUpgradeCheck = 0820;
				ORGANIZATIONNAME = weexplugin;
				TargetAttributes = {
					C431394A1E954AA8008B80D0 = {
						CreatedOnToolsVersion = 8.2;
						ProvisioningStyle = Automatic;
					};
				};
			};
			buildConfigurationList = C43139451E954AA8008B80D0 /* Build configuration list for PBXProject "WeexGcanvas" */;
			compatibilityVersion = "Xcode 3.2";
			developmentRegion = English;
			hasScannedForEncodings = 0;
			knownRegions = (
				English,
				en,
			);
			mainGroup = C43139411E954AA8008B80D0;
			productRefGroup = C431394C1E954AA8008B80D0 /* Products */;
			projectDirPath = "";
			projectRoot = "";
			targets = (
				C431394A1E954AA8008B80D0 /* WeexGcanvas */,
			);
		};
/* End PBXProject section */

/* Begin PBXResourcesBuildPhase section */
		C43139491E954AA8008B80D0 /* Resources */ = {
			isa = PBXResourcesBuildPhase;
			buildActionMask = 2147483647;
			files = (
			);
			runOnlyForDeploymentPostprocessing = 0;
		};
/* End PBXResourcesBuildPhase section */

/* Begin PBXShellScriptBuildPhase section */
		49DD026700C539FA75F5A07F /* [CP] Copy Pods Resources */ = {
			isa = PBXShellScriptBuildPhase;
			buildActionMask = 2147483647;
			files = (
			);
			inputPaths = (
				"${PODS_ROOT}/Target Support Files/Pods-WeexGcanvas/Pods-WeexGcanvas-resources.sh",
				"${PODS_ROOT}/WeexSDK/pre-build/native-bundle-main.js",
				"${PODS_ROOT}/WeexSDK/pre-build/weex-main-jsfm.js",
				"${PODS_ROOT}/WeexSDK/pre-build/weex-polyfill.js",
				"${PODS_ROOT}/WeexSDK/pre-build/weex-rax-api.js",
				"${PODS_ROOT}/WeexSDK/ios/sdk/WeexSDK/Resources/wx_load_error@3x.png",
			);
			name = "[CP] Copy Pods Resources";
			outputPaths = (
				"${TARGET_BUILD_DIR}/${UNLOCALIZED_RESOURCES_FOLDER_PATH}/native-bundle-main.js",
				"${TARGET_BUILD_DIR}/${UNLOCALIZED_RESOURCES_FOLDER_PATH}/weex-main-jsfm.js",
				"${TARGET_BUILD_DIR}/${UNLOCALIZED_RESOURCES_FOLDER_PATH}/weex-polyfill.js",
				"${TARGET_BUILD_DIR}/${UNLOCALIZED_RESOURCES_FOLDER_PATH}/weex-rax-api.js",
				"${TARGET_BUILD_DIR}/${UNLOCALIZED_RESOURCES_FOLDER_PATH}/wx_load_error@3x.png",
			);
			runOnlyForDeploymentPostprocessing = 0;
			shellPath = /bin/sh;
			shellScript = "\"${PODS_ROOT}/Target Support Files/Pods-WeexGcanvas/Pods-WeexGcanvas-resources.sh\"\n";
			showEnvVarsInLog = 0;
		};
		FC9116878B00DA9884F74AC5 /* [CP] Check Pods Manifest.lock */ = {
			isa = PBXShellScriptBuildPhase;
			buildActionMask = 2147483647;
			files = (
			);
			inputPaths = (
				"${PODS_PODFILE_DIR_PATH}/Podfile.lock",
				"${PODS_ROOT}/Manifest.lock",
			);
			name = "[CP] Check Pods Manifest.lock";
			outputPaths = (
				"$(DERIVED_FILE_DIR)/Pods-WeexGcanvas-checkManifestLockResult.txt",
			);
			runOnlyForDeploymentPostprocessing = 0;
			shellPath = /bin/sh;
			shellScript = "diff \"${PODS_PODFILE_DIR_PATH}/Podfile.lock\" \"${PODS_ROOT}/Manifest.lock\" > /dev/null\nif [ $? != 0 ] ; then\n    # print error to STDERR\n    echo \"error: The sandbox is not in sync with the Podfile.lock. Run 'pod install' or update your CocoaPods installation.\" >&2\n    exit 1\nfi\n# This output is used by Xcode 'outputs' to avoid re-running this script phase.\necho \"SUCCESS\" > \"${SCRIPT_OUTPUT_FILE_0}\"\n";
			showEnvVarsInLog = 0;
		};
/* End PBXShellScriptBuildPhase section */

/* Begin PBXSourcesBuildPhase section */
		C43139461E954AA8008B80D0 /* Sources */ = {
			isa = PBXSourcesBuildPhase;
			buildActionMask = 2147483647;
			files = (
				C43139601E954ACB008B80D0 /* WXGCanvasModule.m in Sources */,
				C431395E1E954ACB008B80D0 /* WXGCanvasComponent.mm in Sources */,
			);
			runOnlyForDeploymentPostprocessing = 0;
		};
/* End PBXSourcesBuildPhase section */

/* Begin XCBuildConfiguration section */
		C43139511E954AA8008B80D0 /* Debug */ = {
			isa = XCBuildConfiguration;
			buildSettings = {
				ALWAYS_SEARCH_USER_PATHS = NO;
				CLANG_ANALYZER_NONNULL = YES;
				CLANG_CXX_LANGUAGE_STANDARD = "gnu++0x";
				CLANG_CXX_LIBRARY = "libc++";
				CLANG_ENABLE_MODULES = YES;
				CLANG_ENABLE_OBJC_ARC = YES;
				CLANG_WARN_BOOL_CONVERSION = YES;
				CLANG_WARN_CONSTANT_CONVERSION = YES;
				CLANG_WARN_DIRECT_OBJC_ISA_USAGE = YES_ERROR;
				CLANG_WARN_DOCUMENTATION_COMMENTS = YES;
				CLANG_WARN_EMPTY_BODY = YES;
				CLANG_WARN_ENUM_CONVERSION = YES;
				CLANG_WARN_INFINITE_RECURSION = YES;
				CLANG_WARN_INT_CONVERSION = YES;
				CLANG_WARN_OBJC_ROOT_CLASS = YES_ERROR;
				CLANG_WARN_SUSPICIOUS_MOVE = YES;
				CLANG_WARN_UNREACHABLE_CODE = YES;
				CLANG_WARN__DUPLICATE_METHOD_MATCH = YES;
				"CODE_SIGN_IDENTITY[sdk=iphoneos*]" = "iPhone Developer";
				COPY_PHASE_STRIP = NO;
				CURRENT_PROJECT_VERSION = 1;
				DEBUG_INFORMATION_FORMAT = dwarf;
				ENABLE_STRICT_OBJC_MSGSEND = YES;
				ENABLE_TESTABILITY = YES;
				GCC_C_LANGUAGE_STANDARD = gnu99;
				GCC_DYNAMIC_NO_PIC = NO;
				GCC_NO_COMMON_BLOCKS = YES;
				GCC_OPTIMIZATION_LEVEL = 0;
				GCC_PREPROCESSOR_DEFINITIONS = (
					"DEBUG=1",
					"$(inherited)",
				);
				GCC_WARN_64_TO_32_BIT_CONVERSION = YES;
				GCC_WARN_ABOUT_RETURN_TYPE = YES_ERROR;
				GCC_WARN_UNDECLARED_SELECTOR = YES;
				GCC_WARN_UNINITIALIZED_AUTOS = YES_AGGRESSIVE;
				GCC_WARN_UNUSED_FUNCTION = YES;
				GCC_WARN_UNUSED_VARIABLE = YES;
				IPHONEOS_DEPLOYMENT_TARGET = 7.0;
				MTL_ENABLE_DEBUG_INFO = YES;
				ONLY_ACTIVE_ARCH = YES;
				SDKROOT = iphoneos;
				TARGETED_DEVICE_FAMILY = "1,2";
				VERSIONING_SYSTEM = "apple-generic";
				VERSION_INFO_PREFIX = "";
			};
			name = Debug;
		};
		C43139521E954AA8008B80D0 /* Release */ = {
			isa = XCBuildConfiguration;
			buildSettings = {
				ALWAYS_SEARCH_USER_PATHS = NO;
				CLANG_ANALYZER_NONNULL = YES;
				CLANG_CXX_LANGUAGE_STANDARD = "gnu++0x";
				CLANG_CXX_LIBRARY = "libc++";
				CLANG_ENABLE_MODULES = YES;
				CLANG_ENABLE_OBJC_ARC = YES;
				CLANG_WARN_BOOL_CONVERSION = YES;
				CLANG_WARN_CONSTANT_CONVERSION = YES;
				CLANG_WARN_DIRECT_OBJC_ISA_USAGE = YES_ERROR;
				CLANG_WARN_DOCUMENTATION_COMMENTS = YES;
				CLANG_WARN_EMPTY_BODY = YES;
				CLANG_WARN_ENUM_CONVERSION = YES;
				CLANG_WARN_INFINITE_RECURSION = YES;
				CLANG_WARN_INT_CONVERSION = YES;
				CLANG_WARN_OBJC_ROOT_CLASS = YES_ERROR;
				CLANG_WARN_SUSPICIOUS_MOVE = YES;
				CLANG_WARN_UNREACHABLE_CODE = YES;
				CLANG_WARN__DUPLICATE_METHOD_MATCH = YES;
				"CODE_SIGN_IDENTITY[sdk=iphoneos*]" = "iPhone Developer";
				COPY_PHASE_STRIP = NO;
				CURRENT_PROJECT_VERSION = 1;
				DEBUG_INFORMATION_FORMAT = "dwarf-with-dsym";
				ENABLE_NS_ASSERTIONS = NO;
				ENABLE_STRICT_OBJC_MSGSEND = YES;
				GCC_C_LANGUAGE_STANDARD = gnu99;
				GCC_NO_COMMON_BLOCKS = YES;
				GCC_WARN_64_TO_32_BIT_CONVERSION = YES;
				GCC_WARN_ABOUT_RETURN_TYPE = YES_ERROR;
				GCC_WARN_UNDECLARED_SELECTOR = YES;
				GCC_WARN_UNINITIALIZED_AUTOS = YES_AGGRESSIVE;
				GCC_WARN_UNUSED_FUNCTION = YES;
				GCC_WARN_UNUSED_VARIABLE = YES;
				IPHONEOS_DEPLOYMENT_TARGET = 7.0;
				MTL_ENABLE_DEBUG_INFO = NO;
				SDKROOT = iphoneos;
				TARGETED_DEVICE_FAMILY = "1,2";
				VALIDATE_PRODUCT = YES;
				VERSIONING_SYSTEM = "apple-generic";
				VERSION_INFO_PREFIX = "";
			};
			name = Release;
		};
		C43139541E954AA8008B80D0 /* Debug */ = {
			isa = XCBuildConfiguration;
			baseConfigurationReference = 7222E97A9E0BDD5D4BA6A21E /* Pods-WeexGcanvas.debug.xcconfig */;
			buildSettings = {
				CLANG_ENABLE_MODULES = NO;
				CLANG_WARN_DOCUMENTATION_COMMENTS = NO;
				CODE_SIGN_IDENTITY = "";
				DEBUG_INFORMATION_FORMAT = "dwarf-with-dsym";
				DEFINES_MODULE = YES;
				DYLIB_COMPATIBILITY_VERSION = 1;
				DYLIB_CURRENT_VERSION = 1;
				DYLIB_INSTALL_NAME_BASE = "@rpath";
				HEADER_SEARCH_PATHS = (
					"$(inherited)",
					"\"${PODS_ROOT}/Headers/Public\"",
					"\"${PODS_ROOT}/Headers/Public/GCanvas\"",
					"\"${PODS_ROOT}/Headers/Public/SDWebImage\"",
					"\"${PODS_ROOT}/Headers/Public/SocketRocket\"",
					"\"${PODS_ROOT}/Headers/Public/WeexSDK\"",
				);
				INFOPLIST_FILE = "$(SRCROOT)/Info.plist";
				INSTALL_PATH = "$(LOCAL_LIBRARY_DIR)/Frameworks";
				IPHONEOS_DEPLOYMENT_TARGET = 7.0;
				LD_RUNPATH_SEARCH_PATHS = "$(inherited) @executable_path/Frameworks @loader_path/Frameworks";
				MACH_O_TYPE = staticlib;
				OTHER_CFLAGS = "-Wno-error-unused-command-line-argument";
				PRODUCT_BUNDLE_IDENTIFIER = com.weexplugin.WeexGcanvas;
				PRODUCT_NAME = "$(TARGET_NAME)";
				SKIP_INSTALL = YES;
				WARNING_CFLAGS = "-Wno-documentation";
			};
			name = Debug;
		};
		C43139551E954AA8008B80D0 /* Release */ = {
			isa = XCBuildConfiguration;
			baseConfigurationReference = 912A6A653FE8C3267A392A2F /* Pods-WeexGcanvas.release.xcconfig */;
			buildSettings = {
				CLANG_ENABLE_MODULES = NO;
				CLANG_WARN_DOCUMENTATION_COMMENTS = NO;
				CODE_SIGN_IDENTITY = "";
				DEFINES_MODULE = YES;
				DYLIB_COMPATIBILITY_VERSION = 1;
				DYLIB_CURRENT_VERSION = 1;
				DYLIB_INSTALL_NAME_BASE = "@rpath";
				HEADER_SEARCH_PATHS = (
					"$(inherited)",
					"\"${PODS_ROOT}/Headers/Public\"",
					"\"${PODS_ROOT}/Headers/Public/GCanvas\"",
					"\"${PODS_ROOT}/Headers/Public/SDWebImage\"",
					"\"${PODS_ROOT}/Headers/Public/SocketRocket\"",
					"\"${PODS_ROOT}/Headers/Public/WeexSDK\"",
				);
				INFOPLIST_FILE = "$(SRCROOT)/Info.plist";
				INSTALL_PATH = "$(LOCAL_LIBRARY_DIR)/Frameworks";
				IPHONEOS_DEPLOYMENT_TARGET = 7.0;
				LD_RUNPATH_SEARCH_PATHS = "$(inherited) @executable_path/Frameworks @loader_path/Frameworks";
				MACH_O_TYPE = staticlib;
				OTHER_CFLAGS = "-Wno-error-unused-command-line-argument";
				PRODUCT_BUNDLE_IDENTIFIER = com.weexplugin.WeexGcanvas;
				PRODUCT_NAME = "$(TARGET_NAME)";
				SKIP_INSTALL = YES;
				WARNING_CFLAGS = "-Wno-documentation";
			};
			name = Release;
		};
/* End XCBuildConfiguration section */

/* Begin XCConfigurationList section */
		C43139451E954AA8008B80D0 /* Build configuration list for PBXProject "WeexGcanvas" */ = {
			isa = XCConfigurationList;
			buildConfigurations = (
				C43139511E954AA8008B80D0 /* Debug */,
				C43139521E954AA8008B80D0 /* Release */,
			);
			defaultConfigurationIsVisible = 0;
			defaultConfigurationName = Release;
		};
		C43139531E954AA8008B80D0 /* Build configuration list for PBXNativeTarget "WeexGcanvas" */ = {
			isa = XCConfigurationList;
			buildConfigurations = (
				C43139541E954AA8008B80D0 /* Debug */,
				C43139551E954AA8008B80D0 /* Release */,
			);
			defaultConfigurationIsVisible = 0;
			defaultConfigurationName = Release;
		};
/* End XCConfigurationList section */
	};
	rootObject = C43139421E954AA8008B80D0 /* Project object */;
}
